// !$*UTF8*$!
{
	archiveVersion = 1;
	classes = {
	};
	objectVersion = 46;
	objects = {

/* Begin PBXBuildFile section */
		1B1197131E85EB9400E6CD0C /* FeedVC.swift in Sources */ = {isa = PBXBuildFile; fileRef = 1B1197121E85EB9400E6CD0C /* FeedVC.swift */; };
		1B1197151E89A1BF00E6CD0C /* RoundedView.swift in Sources */ = {isa = PBXBuildFile; fileRef = 1B1197141E89A1BF00E6CD0C /* RoundedView.swift */; };
		1B1197171E89E80D00E6CD0C /* PostCell.swift in Sources */ = {isa = PBXBuildFile; fileRef = 1B1197161E89E80D00E6CD0C /* PostCell.swift */; };
		1B6195E01E830C0000E427B3 /* FancyShadowView.swift in Sources */ = {isa = PBXBuildFile; fileRef = 1B6195DF1E830C0000E427B3 /* FancyShadowView.swift */; };
		1B6195E31E830C9700E427B3 /* Constants.swift in Sources */ = {isa = PBXBuildFile; fileRef = 1B6195E21E830C9700E427B3 /* Constants.swift */; };
		1B6195E51E830EBB00E427B3 /* RoundedButton.swift in Sources */ = {isa = PBXBuildFile; fileRef = 1B6195E41E830EBB00E427B3 /* RoundedButton.swift */; };
		1BC4E22F1E832AC000F4815A /* GoogleService-Info.plist in Resources */ = {isa = PBXBuildFile; fileRef = 1BC4E22E1E832AC000F4815A /* GoogleService-Info.plist */; };
		1BF4ED481E7B635000428FE5 /* AppDelegate.swift in Sources */ = {isa = PBXBuildFile; fileRef = 1BF4ED471E7B635000428FE5 /* AppDelegate.swift */; };
		1BF4ED4A1E7B635000428FE5 /* SignInVC.swift in Sources */ = {isa = PBXBuildFile; fileRef = 1BF4ED491E7B635000428FE5 /* SignInVC.swift */; };
		1BF4ED4D1E7B635000428FE5 /* Main.storyboard in Resources */ = {isa = PBXBuildFile; fileRef = 1BF4ED4B1E7B635000428FE5 /* Main.storyboard */; };
		1BF4ED4F1E7B635100428FE5 /* Assets.xcassets in Resources */ = {isa = PBXBuildFile; fileRef = 1BF4ED4E1E7B635100428FE5 /* Assets.xcassets */; };
		1BF4ED521E7B635100428FE5 /* LaunchScreen.storyboard in Resources */ = {isa = PBXBuildFile; fileRef = 1BF4ED501E7B635100428FE5 /* LaunchScreen.storyboard */; };
		6B801ED80249D6AE9A240A5A /* Pods_SocialNetwork.framework in Frameworks */ = {isa = PBXBuildFile; fileRef = D273C7D31FDDB291EBE88A47 /* Pods_SocialNetwork.framework */; };
/* End PBXBuildFile section */

/* Begin PBXFileReference section */
		1B03D05A1E833B0E00E7126F /* SocialNetwork.entitlements */ = {isa = PBXFileReference; lastKnownFileType = text.plist.entitlements; path = SocialNetwork.entitlements; sourceTree = "<group>"; };
		1B1197121E85EB9400E6CD0C /* FeedVC.swift */ = {isa = PBXFileReference; fileEncoding = 4; lastKnownFileType = sourcecode.swift; path = FeedVC.swift; sourceTree = "<group>"; };
		1B1197141E89A1BF00E6CD0C /* RoundedView.swift */ = {isa = PBXFileReference; fileEncoding = 4; lastKnownFileType = sourcecode.swift; path = RoundedView.swift; sourceTree = "<group>"; };
		1B1197161E89E80D00E6CD0C /* PostCell.swift */ = {isa = PBXFileReference; fileEncoding = 4; lastKnownFileType = sourcecode.swift; path = PostCell.swift; sourceTree = "<group>"; };
		1B6195DF1E830C0000E427B3 /* FancyShadowView.swift */ = {isa = PBXFileReference; fileEncoding = 4; lastKnownFileType = sourcecode.swift; path = FancyShadowView.swift; sourceTree = "<group>"; };
		1B6195E21E830C9700E427B3 /* Constants.swift */ = {isa = PBXFileReference; fileEncoding = 4; lastKnownFileType = sourcecode.swift; path = Constants.swift; sourceTree = "<group>"; };
		1B6195E41E830EBB00E427B3 /* RoundedButton.swift */ = {isa = PBXFileReference; fileEncoding = 4; lastKnownFileType = sourcecode.swift; path = RoundedButton.swift; sourceTree = "<group>"; };
		1BC4E22E1E832AC000F4815A /* GoogleService-Info.plist */ = {isa = PBXFileReference; fileEncoding = 4; lastKnownFileType = text.plist.xml; path = "GoogleService-Info.plist"; sourceTree = "<group>"; };
		1BF4ED441E7B635000428FE5 /* SocialNetwork.app */ = {isa = PBXFileReference; explicitFileType = wrapper.application; includeInIndex = 0; path = SocialNetwork.app; sourceTree = BUILT_PRODUCTS_DIR; };
		1BF4ED471E7B635000428FE5 /* AppDelegate.swift */ = {isa = PBXFileReference; lastKnownFileType = sourcecode.swift; path = AppDelegate.swift; sourceTree = "<group>"; };
		1BF4ED491E7B635000428FE5 /* SignInVC.swift */ = {isa = PBXFileReference; lastKnownFileType = sourcecode.swift; path = SignInVC.swift; sourceTree = "<group>"; };
		1BF4ED4C1E7B635000428FE5 /* Base */ = {isa = PBXFileReference; lastKnownFileType = file.storyboard; name = Base; path = Base.lproj/Main.storyboard; sourceTree = "<group>"; };
		1BF4ED4E1E7B635100428FE5 /* Assets.xcassets */ = {isa = PBXFileReference; lastKnownFileType = folder.assetcatalog; path = Assets.xcassets; sourceTree = "<group>"; };
		1BF4ED511E7B635100428FE5 /* Base */ = {isa = PBXFileReference; lastKnownFileType = file.storyboard; name = Base; path = Base.lproj/LaunchScreen.storyboard; sourceTree = "<group>"; };
		1BF4ED531E7B635100428FE5 /* Info.plist */ = {isa = PBXFileReference; lastKnownFileType = text.plist.xml; path = Info.plist; sourceTree = "<group>"; };
		8C0AA254E288FD0B1BF437CB /* Pods-SocialNetwork.debug.xcconfig */ = {isa = PBXFileReference; includeInIndex = 1; lastKnownFileType = text.xcconfig; name = "Pods-SocialNetwork.debug.xcconfig"; path = "Pods/Target Support Files/Pods-SocialNetwork/Pods-SocialNetwork.debug.xcconfig"; sourceTree = "<group>"; };
		B4F50E72D482EEDF65623CF8 /* Pods-SocialNetwork.release.xcconfig */ = {isa = PBXFileReference; includeInIndex = 1; lastKnownFileType = text.xcconfig; name = "Pods-SocialNetwork.release.xcconfig"; path = "Pods/Target Support Files/Pods-SocialNetwork/Pods-SocialNetwork.release.xcconfig"; sourceTree = "<group>"; };
		D273C7D31FDDB291EBE88A47 /* Pods_SocialNetwork.framework */ = {isa = PBXFileReference; explicitFileType = wrapper.framework; includeInIndex = 0; path = Pods_SocialNetwork.framework; sourceTree = BUILT_PRODUCTS_DIR; };
/* End PBXFileReference section */

/* Begin PBXFrameworksBuildPhase section */
		1BF4ED411E7B635000428FE5 /* Frameworks */ = {
			isa = PBXFrameworksBuildPhase;
			buildActionMask = 2147483647;
			files = (
				6B801ED80249D6AE9A240A5A /* Pods_SocialNetwork.framework in Frameworks */,
			);
			runOnlyForDeploymentPostprocessing = 0;
		};
/* End PBXFrameworksBuildPhase section */

/* Begin PBXGroup section */
		1B1BBDFF1E81A451002F81BD /* Model */ = {
			isa = PBXGroup;
			children = (
			);
			name = Model;
			sourceTree = "<group>";
		};
		1B1BBE001E81A458002F81BD /* View */ = {
			isa = PBXGroup;
			children = (
				1B6195DF1E830C0000E427B3 /* FancyShadowView.swift */,
				1B6195E41E830EBB00E427B3 /* RoundedButton.swift */,
				1B1197141E89A1BF00E6CD0C /* RoundedView.swift */,
				1B1197161E89E80D00E6CD0C /* PostCell.swift */,
			);
			name = View;
			sourceTree = "<group>";
		};
		1B1BBE011E81A45D002F81BD /* Controller */ = {
			isa = PBXGroup;
			children = (
				1BF4ED491E7B635000428FE5 /* SignInVC.swift */,
				1B1197121E85EB9400E6CD0C /* FeedVC.swift */,
			);
			name = Controller;
			sourceTree = "<group>";
		};
		1B6195E11E830C8200E427B3 /* Utilities */ = {
			isa = PBXGroup;
			children = (
				1B6195E21E830C9700E427B3 /* Constants.swift */,
			);
			name = Utilities;
			sourceTree = "<group>";
		};
		1BF4ED3B1E7B635000428FE5 = {
			isa = PBXGroup;
			children = (
				1BF4ED461E7B635000428FE5 /* SocialNetwork */,
				1BF4ED451E7B635000428FE5 /* Products */,
				7159C81094CC2CC86D66630F /* Pods */,
				61530E0C503ED03A6F33DA63 /* Frameworks */,
			);
			sourceTree = "<group>";
		};
		1BF4ED451E7B635000428FE5 /* Products */ = {
			isa = PBXGroup;
			children = (
				1BF4ED441E7B635000428FE5 /* SocialNetwork.app */,
			);
			name = Products;
			sourceTree = "<group>";
		};
		1BF4ED461E7B635000428FE5 /* SocialNetwork */ = {
			isa = PBXGroup;
			children = (
				1B03D05A1E833B0E00E7126F /* SocialNetwork.entitlements */,
				1B6195E11E830C8200E427B3 /* Utilities */,
				1B1BBDFF1E81A451002F81BD /* Model */,
				1B1BBE001E81A458002F81BD /* View */,
				1B1BBE011E81A45D002F81BD /* Controller */,
				1BF4ED471E7B635000428FE5 /* AppDelegate.swift */,
				1BF4ED4B1E7B635000428FE5 /* Main.storyboard */,
				1BF4ED4E1E7B635100428FE5 /* Assets.xcassets */,
				1BF4ED501E7B635100428FE5 /* LaunchScreen.storyboard */,
				1BC4E22E1E832AC000F4815A /* GoogleService-Info.plist */,
				1BF4ED531E7B635100428FE5 /* Info.plist */,
			);
			path = SocialNetwork;
			sourceTree = "<group>";
		};
		61530E0C503ED03A6F33DA63 /* Frameworks */ = {
			isa = PBXGroup;
			children = (
				D273C7D31FDDB291EBE88A47 /* Pods_SocialNetwork.framework */,
			);
			name = Frameworks;
			sourceTree = "<group>";
		};
		7159C81094CC2CC86D66630F /* Pods */ = {
			isa = PBXGroup;
			children = (
				8C0AA254E288FD0B1BF437CB /* Pods-SocialNetwork.debug.xcconfig */,
				B4F50E72D482EEDF65623CF8 /* Pods-SocialNetwork.release.xcconfig */,
			);
			name = Pods;
			sourceTree = "<group>";
		};
/* End PBXGroup section */

/* Begin PBXNativeTarget section */
		1BF4ED431E7B635000428FE5 /* SocialNetwork */ = {
			isa = PBXNativeTarget;
			buildConfigurationList = 1BF4ED561E7B635100428FE5 /* Build configuration list for PBXNativeTarget "SocialNetwork" */;
			buildPhases = (
				F3A80481FDE9D45AC43BA815 /* [CP] Check Pods Manifest.lock */,
				1BF4ED401E7B635000428FE5 /* Sources */,
				1BF4ED411E7B635000428FE5 /* Frameworks */,
				1BF4ED421E7B635000428FE5 /* Resources */,
				E54D8683EFDE7E3D20402B36 /* [CP] Embed Pods Frameworks */,
				E6D0142186CDF96289A8F813 /* [CP] Copy Pods Resources */,
			);
			buildRules = (
			);
			dependencies = (
			);
			name = SocialNetwork;
			productName = SocialNetwork;
			productReference = 1BF4ED441E7B635000428FE5 /* SocialNetwork.app */;
			productType = "com.apple.product-type.application";
		};
/* End PBXNativeTarget section */

/* Begin PBXProject section */
		1BF4ED3C1E7B635000428FE5 /* Project object */ = {
			isa = PBXProject;
			attributes = {
				LastSwiftUpdateCheck = 0820;
				LastUpgradeCheck = 0820;
				ORGANIZATIONNAME = spencerdezartsmith;
				TargetAttributes = {
					1BF4ED431E7B635000428FE5 = {
						CreatedOnToolsVersion = 8.2.1;
						DevelopmentTeam = 5C6A8Z88E6;
						ProvisioningStyle = Automatic;
						SystemCapabilities = {
							com.apple.Keychain = {
								enabled = 1;
							};
						};
					};
				};
			};
			buildConfigurationList = 1BF4ED3F1E7B635000428FE5 /* Build configuration list for PBXProject "SocialNetwork" */;
			compatibilityVersion = "Xcode 3.2";
			developmentRegion = English;
			hasScannedForEncodings = 0;
			knownRegions = (
				en,
				Base,
			);
			mainGroup = 1BF4ED3B1E7B635000428FE5;
			productRefGroup = 1BF4ED451E7B635000428FE5 /* Products */;
			projectDirPath = "";
			projectRoot = "";
			targets = (
				1BF4ED431E7B635000428FE5 /* SocialNetwork */,
			);
		};
/* End PBXProject section */

/* Begin PBXResourcesBuildPhase section */
		1BF4ED421E7B635000428FE5 /* Resources */ = {
			isa = PBXResourcesBuildPhase;
			buildActionMask = 2147483647;
			files = (
				1BF4ED521E7B635100428FE5 /* LaunchScreen.storyboard in Resources */,
				1BC4E22F1E832AC000F4815A /* GoogleService-Info.plist in Resources */,
				1BF4ED4F1E7B635100428FE5 /* Assets.xcassets in Resources */,
				1BF4ED4D1E7B635000428FE5 /* Main.storyboard in Resources */,
			);
			runOnlyForDeploymentPostprocessing = 0;
		};
/* End PBXResourcesBuildPhase section */

/* Begin PBXShellScriptBuildPhase section */
		E54D8683EFDE7E3D20402B36 /* [CP] Embed Pods Frameworks */ = {
			isa = PBXShellScriptBuildPhase;
			buildActionMask = 2147483647;
			files = (
			);
			inputPaths = (
			);
			name = "[CP] Embed Pods Frameworks";
			outputPaths = (
			);
			runOnlyForDeploymentPostprocessing = 0;
			shellPath = /bin/sh;
			shellScript = "\"${SRCROOT}/Pods/Target Support Files/Pods-SocialNetwork/Pods-SocialNetwork-frameworks.sh\"\n";
			showEnvVarsInLog = 0;
		};
		E6D0142186CDF96289A8F813 /* [CP] Copy Pods Resources */ = {
			isa = PBXShellScriptBuildPhase;
			buildActionMask = 2147483647;
			files = (
			);
			inputPaths = (
			);
			name = "[CP] Copy Pods Resources";
			outputPaths = (
			);
			runOnlyForDeploymentPostprocessing = 0;
			shellPath = /bin/sh;
			shellScript = "\"${SRCROOT}/Pods/Target Support Files/Pods-SocialNetwork/Pods-SocialNetwork-resources.sh\"\n";
			showEnvVarsInLog = 0;
		};
		F3A80481FDE9D45AC43BA815 /* [CP] Check Pods Manifest.lock */ = {
			isa = PBXShellScriptBuildPhase;
			buildActionMask = 2147483647;
			files = (
			);
			inputPaths = (
			);
			name = "[CP] Check Pods Manifest.lock";
			outputPaths = (
			);
			runOnlyForDeploymentPostprocessing = 0;
			shellPath = /bin/sh;
			shellScript = "diff \"${PODS_ROOT}/../Podfile.lock\" \"${PODS_ROOT}/Manifest.lock\" > /dev/null\nif [ $? != 0 ] ; then\n    # print error to STDERR\n    echo \"error: The sandbox is not in sync with the Podfile.lock. Run 'pod install' or update your CocoaPods installation.\" >&2\n    exit 1\nfi\n";
			showEnvVarsInLog = 0;
		};
/* End PBXShellScriptBuildPhase section */

/* Begin PBXSourcesBuildPhase section */
		1BF4ED401E7B635000428FE5 /* Sources */ = {
			isa = PBXSourcesBuildPhase;
			buildActionMask = 2147483647;
			files = (
				1B1197131E85EB9400E6CD0C /* FeedVC.swift in Sources */,
				1BF4ED4A1E7B635000428FE5 /* SignInVC.swift in Sources */,
				1B1197151E89A1BF00E6CD0C /* RoundedView.swift in Sources */,
				1B6195E51E830EBB00E427B3 /* RoundedButton.swift in Sources */,
				1BF4ED481E7B635000428FE5 /* AppDelegate.swift in Sources */,
				1B6195E01E830C0000E427B3 /* FancyShadowView.swift in Sources */,
				1B6195E31E830C9700E427B3 /* Constants.swift in Sources */,
				1B1197171E89E80D00E6CD0C /* PostCell.swift in Sources */,
			);
			runOnlyForDeploymentPostprocessing = 0;
		};
/* End PBXSourcesBuildPhase section */

/* Begin PBXVariantGroup section */
		1BF4ED4B1E7B635000428FE5 /* Main.storyboard */ = {
			isa = PBXVariantGroup;
			children = (
				1BF4ED4C1E7B635000428FE5 /* Base */,
			);
			name = Main.storyboard;
			sourceTree = "<group>";
		};
		1BF4ED501E7B635100428FE5 /* LaunchScreen.storyboard */ = {
			isa = PBXVariantGroup;
			children = (
				1BF4ED511E7B635100428FE5 /* Base */,
			);
			name = LaunchScreen.storyboard;
			sourceTree = "<group>";
		};
/* End PBXVariantGroup section */

/* Begin XCBuildConfiguration section */
		1BF4ED541E7B635100428FE5 /* Debug */ = {
			isa = XCBuildConfiguration;
			buildSettings = {
				ALWAYS_SEARCH_USER_PATHS = NO;
				CLANG_ANALYZER_NONNULL = YES;
				CLANG_CXX_LANGUAGE_STANDARD = "gnu++0x";
				CLANG_CXX_LIBRARY = "libc++";
				CLANG_ENABLE_MODULES = YES;
				CLANG_ENABLE_OBJC_ARC = YES;
				CLANG_WARN_BOOL_CONVERSION = YES;
				CLANG_WARN_CONSTANT_CONVERSION = YES;
				CLANG_WARN_DIRECT_OBJC_ISA_USAGE = YES_ERROR;
				CLANG_WARN_DOCUMENTATION_COMMENTS = YES;
				CLANG_WARN_EMPTY_BODY = YES;
				CLANG_WARN_ENUM_CONVERSION = YES;
				CLANG_WARN_INFINITE_RECURSION = YES;
				CLANG_WARN_INT_CONVERSION = YES;
				CLANG_WARN_OBJC_ROOT_CLASS = YES_ERROR;
				CLANG_WARN_SUSPICIOUS_MOVE = YES;
				CLANG_WARN_UNREACHABLE_CODE = YES;
				CLANG_WARN__DUPLICATE_METHOD_MATCH = YES;
				"CODE_SIGN_IDENTITY[sdk=iphoneos*]" = "iPhone Developer";
				COPY_PHASE_STRIP = NO;
				DEBUG_INFORMATION_FORMAT = dwarf;
				ENABLE_STRICT_OBJC_MSGSEND = YES;
				ENABLE_TESTABILITY = YES;
				GCC_C_LANGUAGE_STANDARD = gnu99;
				GCC_DYNAMIC_NO_PIC = NO;
				GCC_NO_COMMON_BLOCKS = YES;
				GCC_OPTIMIZATION_LEVEL = 0;
				GCC_PREPROCESSOR_DEFINITIONS = (
					"DEBUG=1",
					"$(inherited)",
				);
				GCC_WARN_64_TO_32_BIT_CONVERSION = YES;
				GCC_WARN_ABOUT_RETURN_TYPE = YES_ERROR;
				GCC_WARN_UNDECLARED_SELECTOR = YES;
				GCC_WARN_UNINITIALIZED_AUTOS = YES_AGGRESSIVE;
				GCC_WARN_UNUSED_FUNCTION = YES;
				GCC_WARN_UNUSED_VARIABLE = YES;
				IPHONEOS_DEPLOYMENT_TARGET = 10.2;
				MTL_ENABLE_DEBUG_INFO = YES;
				ONLY_ACTIVE_ARCH = YES;
				SDKROOT = iphoneos;
				SWIFT_ACTIVE_COMPILATION_CONDITIONS = DEBUG;
				SWIFT_OPTIMIZATION_LEVEL = "-Onone";
			};
			name = Debug;
		};
		1BF4ED551E7B635100428FE5 /* Release */ = {
			isa = XCBuildConfiguration;
			buildSettings = {
				ALWAYS_SEARCH_USER_PATHS = NO;
				CLANG_ANALYZER_NONNULL = YES;
				CLANG_CXX_LANGUAGE_STANDARD = "gnu++0x";
				CLANG_CXX_LIBRARY = "libc++";
				CLANG_ENABLE_MODULES = YES;
				CLANG_ENABLE_OBJC_ARC = YES;
				CLANG_WARN_BOOL_CONVERSION = YES;
				CLANG_WARN_CONSTANT_CONVERSION = YES;
				CLANG_WARN_DIRECT_OBJC_ISA_USAGE = YES_ERROR;
				CLANG_WARN_DOCUMENTATION_COMMENTS = YES;
				CLANG_WARN_EMPTY_BODY = YES;
				CLANG_WARN_ENUM_CONVERSION = YES;
				CLANG_WARN_INFINITE_RECURSION = YES;
				CLANG_WARN_INT_CONVERSION = YES;
				CLANG_WARN_OBJC_ROOT_CLASS = YES_ERROR;
				CLANG_WARN_SUSPICIOUS_MOVE = YES;
				CLANG_WARN_UNREACHABLE_CODE = YES;
				CLANG_WARN__DUPLICATE_METHOD_MATCH = YES;
				"CODE_SIGN_IDENTITY[sdk=iphoneos*]" = "iPhone Developer";
				COPY_PHASE_STRIP = NO;
				DEBUG_INFORMATION_FORMAT = "dwarf-with-dsym";
				ENABLE_NS_ASSERTIONS = NO;
				ENABLE_STRICT_OBJC_MSGSEND = YES;
				GCC_C_LANGUAGE_STANDARD = gnu99;
				GCC_NO_COMMON_BLOCKS = YES;
				GCC_WARN_64_TO_32_BIT_CONVERSION = YES;
				GCC_WARN_ABOUT_RETURN_TYPE = YES_ERROR;
				GCC_WARN_UNDECLARED_SELECTOR = YES;
				GCC_WARN_UNINITIALIZED_AUTOS = YES_AGGRESSIVE;
				GCC_WARN_UNUSED_FUNCTION = YES;
				GCC_WARN_UNUSED_VARIABLE = YES;
				IPHONEOS_DEPLOYMENT_TARGET = 10.2;
				MTL_ENABLE_DEBUG_INFO = NO;
				SDKROOT = iphoneos;
				SWIFT_OPTIMIZATION_LEVEL = "-Owholemodule";
				VALIDATE_PRODUCT = YES;
			};
			name = Release;
		};
		1BF4ED571E7B635100428FE5 /* Debug */ = {
			isa = XCBuildConfiguration;
			baseConfigurationReference = 8C0AA254E288FD0B1BF437CB /* Pods-SocialNetwork.debug.xcconfig */;
			buildSettings = {
				ASSETCATALOG_COMPILER_APPICON_NAME = AppIcon;
				CODE_SIGN_ENTITLEMENTS = SocialNetwork/SocialNetwork.entitlements;
				DEVELOPMENT_TEAM = 5C6A8Z88E6;
				INFOPLIST_FILE = SocialNetwork/Info.plist;
				LD_RUNPATH_SEARCH_PATHS = "$(inherited) @executable_path/Frameworks";
				PRODUCT_BUNDLE_IDENTIFIER = boyfriend.SocialNetwork;
				PRODUCT_NAME = "$(TARGET_NAME)";
				SWIFT_VERSION = 3.0;
			};
			name = Debug;
		};
		1BF4ED581E7B635100428FE5 /* Release */ = {
			isa = XCBuildConfiguration;
			baseConfigurationReference = B4F50E72D482EEDF65623CF8 /* Pods-SocialNetwork.release.xcconfig */;
			buildSettings = {
				ASSETCATALOG_COMPILER_APPICON_NAME = AppIcon;
				CODE_SIGN_ENTITLEMENTS = SocialNetwork/SocialNetwork.entitlements;
				DEVELOPMENT_TEAM = 5C6A8Z88E6;
				INFOPLIST_FILE = SocialNetwork/Info.plist;
				LD_RUNPATH_SEARCH_PATHS = "$(inherited) @executable_path/Frameworks";
				PRODUCT_BUNDLE_IDENTIFIER = boyfriend.SocialNetwork;
				PRODUCT_NAME = "$(TARGET_NAME)";
				SWIFT_VERSION = 3.0;
			};
			name = Release;
		};
/* End XCBuildConfiguration section */

/* Begin XCConfigurationList section */
		1BF4ED3F1E7B635000428FE5 /* Build configuration list for PBXProject "SocialNetwork" */ = {
			isa = XCConfigurationList;
			buildConfigurations = (
				1BF4ED541E7B635100428FE5 /* Debug */,
				1BF4ED551E7B635100428FE5 /* Release */,
			);
			defaultConfigurationIsVisible = 0;
			defaultConfigurationName = Release;
		};
		1BF4ED561E7B635100428FE5 /* Build configuration list for PBXNativeTarget "SocialNetwork" */ = {
			isa = XCConfigurationList;
			buildConfigurations = (
				1BF4ED571E7B635100428FE5 /* Debug */,
				1BF4ED581E7B635100428FE5 /* Release */,
			);
			defaultConfigurationIsVisible = 0;
			defaultConfigurationName = Release;
		};
/* End XCConfigurationList section */
	};
	rootObject = 1BF4ED3C1E7B635000428FE5 /* Project object */;
}
